// !$*UTF8*$!
{
	archiveVersion = 1;
	classes = {
	};
	objectVersion = 46;
	objects = {

/* Begin PBXBuildFile section */
		FE79B63D1D2AEFFD008001AE /* AppDelegate.swift in Sources */ = {isa = PBXBuildFile; fileRef = FE79B63C1D2AEFFD008001AE /* AppDelegate.swift */; };
		FE79B63F1D2AEFFD008001AE /* ViewController.swift in Sources */ = {isa = PBXBuildFile; fileRef = FE79B63E1D2AEFFD008001AE /* ViewController.swift */; };
		FE79B6421D2AEFFD008001AE /* Main.storyboard in Resources */ = {isa = PBXBuildFile; fileRef = FE79B6401D2AEFFD008001AE /* Main.storyboard */; };
		FE79B6441D2AEFFD008001AE /* Assets.xcassets in Resources */ = {isa = PBXBuildFile; fileRef = FE79B6431D2AEFFD008001AE /* Assets.xcassets */; };
		FE79B6471D2AEFFD008001AE /* LaunchScreen.storyboard in Resources */ = {isa = PBXBuildFile; fileRef = FE79B6451D2AEFFD008001AE /* LaunchScreen.storyboard */; };
/* End PBXBuildFile section */

/* Begin PBXFileReference section */
		FE79B6391D2AEFFD008001AE /* SecondRepository.app */ = {isa = PBXFileReference; explicitFileType = wrapper.application; includeInIndex = 0; path = SecondRepository.app; sourceTree = BUILT_PRODUCTS_DIR; };
		FE79B63C1D2AEFFD008001AE /* AppDelegate.swift */ = {isa = PBXFileReference; lastKnownFileType = sourcecode.swift; path = AppDelegate.swift; sourceTree = "<group>"; };
		FE79B63E1D2AEFFD008001AE /* ViewController.swift */ = {isa = PBXFileReference; lastKnownFileType = sourcecode.swift; path = ViewController.swift; sourceTree = "<group>"; };
		FE79B6411D2AEFFD008001AE /* Base */ = {isa = PBXFileReference; lastKnownFileType = file.storyboard; name = Base; path = Base.lproj/Main.storyboard; sourceTree = "<group>"; };
		FE79B6431D2AEFFD008001AE /* Assets.xcassets */ = {isa = PBXFileReference; lastKnownFileType = folder.assetcatalog; path = Assets.xcassets; sourceTree = "<group>"; };
		FE79B6461D2AEFFD008001AE /* Base */ = {isa = PBXFileReference; lastKnownFileType = file.storyboard; name = Base; path = Base.lproj/LaunchScreen.storyboard; sourceTree = "<group>"; };
		FE79B6481D2AEFFD008001AE /* Info.plist */ = {isa = PBXFileReference; lastKnownFileType = text.plist.xml; path = Info.plist; sourceTree = "<group>"; };
/* End PBXFileReference section */

/* Begin PBXFrameworksBuildPhase section */
		FE79B6361D2AEFFD008001AE /* Frameworks */ = {
			isa = PBXFrameworksBuildPhase;
			buildActionMask = 2147483647;
			files = (
			);
			runOnlyForDeploymentPostprocessing = 0;
		};
/* End PBXFrameworksBuildPhase section */

/* Begin PBXGroup section */
		FE79B6301D2AEFFD008001AE = {
			isa = PBXGroup;
			children = (
				FE79B63B1D2AEFFD008001AE /* SecondRepository */,
				FE79B63A1D2AEFFD008001AE /* Products */,
			);
			sourceTree = "<group>";
		};
		FE79B63A1D2AEFFD008001AE /* Products */ = {
			isa = PBXGroup;
			children = (
				FE79B6391D2AEFFD008001AE /* SecondRepository.app */,
			);
			name = Products;
			sourceTree = "<group>";
		};
		FE79B63B1D2AEFFD008001AE /* SecondRepository */ = {
			isa = PBXGroup;
			children = (
				FE79B63C1D2AEFFD008001AE /* AppDelegate.swift */,
				FE79B63E1D2AEFFD008001AE /* ViewController.swift */,
				FE79B6401D2AEFFD008001AE /* Main.storyboard */,
				FE79B6431D2AEFFD008001AE /* Assets.xcassets */,
				FE79B6451D2AEFFD008001AE /* LaunchScreen.storyboard */,
				FE79B6481D2AEFFD008001AE /* Info.plist */,
			);
			path = SecondRepository;
			sourceTree = "<group>";
		};
/* End PBXGroup section */

/* Begin PBXNativeTarget section */
		FE79B6381D2AEFFD008001AE /* SecondRepository */ = {
			isa = PBXNativeTarget;
			buildConfigurationList = FE79B64B1D2AEFFD008001AE /* Build configuration list for PBXNativeTarget "SecondRepository" */;
			buildPhases = (
				FE79B6351D2AEFFD008001AE /* Sources */,
				FE79B6361D2AEFFD008001AE /* Frameworks */,
				FE79B6371D2AEFFD008001AE /* Resources */,
			);
			buildRules = (
			);
			dependencies = (
			);
			name = SecondRepository;
			productName = SecondRepository;
			productReference = FE79B6391D2AEFFD008001AE /* SecondRepository.app */;
			productType = "com.apple.product-type.application";
		};
/* End PBXNativeTarget section */

/* Begin PBXProject section */
		FE79B6311D2AEFFD008001AE /* Project object */ = {
			isa = PBXProject;
			attributes = {
				LastSwiftUpdateCheck = 0730;
				LastUpgradeCheck = 0730;
				ORGANIZATIONNAME = "Nathan Bahl";
				TargetAttributes = {
					FE79B6381D2AEFFD008001AE = {
						CreatedOnToolsVersion = 7.3;
						DevelopmentTeam = 6HZ6N769YU;
					};
				};
			};
			buildConfigurationList = FE79B6341D2AEFFD008001AE /* Build configuration list for PBXProject "SecondRepository" */;
			compatibilityVersion = "Xcode 3.2";
			developmentRegion = English;
			hasScannedForEncodings = 0;
			knownRegions = (
				en,
				Base,
			);
			mainGroup = FE79B6301D2AEFFD008001AE;
			productRefGroup = FE79B63A1D2AEFFD008001AE /* Products */;
			projectDirPath = "";
			projectRoot = "";
			targets = (
				FE79B6381D2AEFFD008001AE /* SecondRepository */,
			);
		};
/* End PBXProject section */

/* Begin PBXResourcesBuildPhase section */
		FE79B6371D2AEFFD008001AE /* Resources */ = {
			isa = PBXResourcesBuildPhase;
			buildActionMask = 2147483647;
			files = (
				FE79B6471D2AEFFD008001AE /* LaunchScreen.storyboard in Resources */,
				FE79B6441D2AEFFD008001AE /* Assets.xcassets in Resources */,
				FE79B6421D2AEFFD008001AE /* Main.storyboard in Resources */,
			);
			runOnlyForDeploymentPostprocessing = 0;
		};
/* End PBXResourcesBuildPhase section */

/* Begin PBXSourcesBuildPhase section */
		FE79B6351D2AEFFD008001AE /* Sources */ = {
			isa = PBXSourcesBuildPhase;
			buildActionMask = 2147483647;
			files = (
				FE79B63F1D2AEFFD008001AE /* ViewController.swift in Sources */,
				FE79B63D1D2AEFFD008001AE /* AppDelegate.swift in Sources */,
			);
			runOnlyForDeploymentPostprocessing = 0;
		};
/* End PBXSourcesBuildPhase section */

/* Begin PBXVariantGroup section */
		FE79B6401D2AEFFD008001AE /* Main.storyboard */ = {
			isa = PBXVariantGroup;
			children = (
				FE79B6411D2AEFFD008001AE /* Base */,
			);
			name = Main.storyboard;
			sourceTree = "<group>";
		};
		FE79B6451D2AEFFD008001AE /* LaunchScreen.storyboard */ = {
			isa = PBXVariantGroup;
			children = (
				FE79B6461D2AEFFD008001AE /* Base */,
			);
			name = LaunchScreen.storyboard;
			sourceTree = "<group>";
		};
/* End PBXVariantGroup section */

/* Begin XCBuildConfiguration section */
		FE79B6491D2AEFFD008001AE /* Debug */ = {
			isa = XCBuildConfiguration;
			buildSettings = {
				ALWAYS_SEARCH_USER_PATHS = NO;
				CLANG_ANALYZER_NONNULL = YES;
				CLANG_CXX_LANGUAGE_STANDARD = "gnu++0x";
				CLANG_CXX_LIBRARY = "libc++";
				CLANG_ENABLE_MODULES = YES;
				CLANG_ENABLE_OBJC_ARC = YES;
				CLANG_WARN_BOOL_CONVERSION = YES;
				CLANG_WARN_CONSTANT_CONVERSION = YES;
				CLANG_WARN_DIRECT_OBJC_ISA_USAGE = YES_ERROR;
				CLANG_WARN_EMPTY_BODY = YES;
				CLANG_WARN_ENUM_CONVERSION = YES;
				CLANG_WARN_INT_CONVERSION = YES;
				CLANG_WARN_OBJC_ROOT_CLASS = YES_ERROR;
				CLANG_WARN_UNREACHABLE_CODE = YES;
				CLANG_WARN__DUPLICATE_METHOD_MATCH = YES;
				"CODE_SIGN_IDENTITY[sdk=iphoneos*]" = "iPhone Developer";
				COPY_PHASE_STRIP = NO;
				DEBUG_INFORMATION_FORMAT = dwarf;
				ENABLE_STRICT_OBJC_MSGSEND = YES;
				ENABLE_TESTABILITY = YES;
				GCC_C_LANGUAGE_STANDARD = gnu99;
				GCC_DYNAMIC_NO_PIC = NO;
				GCC_NO_COMMON_BLOCKS = YES;
				GCC_OPTIMIZATION_LEVEL = 0;
				GCC_PREPROCESSOR_DEFINITIONS = (
					"DEBUG=1",
					"$(inherited)",
				);
				GCC_WARN_64_TO_32_BIT_CONVERSION = YES;
				GCC_WARN_ABOUT_RETURN_TYPE = YES_ERROR;
				GCC_WARN_UNDECLARED_SELECTOR = YES;
				GCC_WARN_UNINITIALIZED_AUTOS = YES_AGGRESSIVE;
				GCC_WARN_UNUSED_FUNCTION = YES;
				GCC_WARN_UNUSED_VARIABLE = YES;
				IPHONEOS_DEPLOYMENT_TARGET = 9.3;
				MTL_ENABLE_DEBUG_INFO = YES;
				ONLY_ACTIVE_ARCH = YES;
				SDKROOT = iphoneos;
				SWIFT_OPTIMIZATION_LEVEL = "-Onone";
				TARGETED_DEVICE_FAMILY = "1,2";
			};
			name = Debug;
		};
		FE79B64A1D2AEFFD008001AE /* Release */ = {
			isa = XCBuildConfiguration;
			buildSettings = {
				ALWAYS_SEARCH_USER_PATHS = NO;
				CLANG_ANALYZER_NONNULL = YES;
				CLANG_CXX_LANGUAGE_STANDARD = "gnu++0x";
				CLANG_CXX_LIBRARY = "libc++";
				CLANG_ENABLE_MODULES = YES;
				CLANG_ENABLE_OBJC_ARC = YES;
				CLANG_WARN_BOOL_CONVERSION = YES;
				CLANG_WARN_CONSTANT_CONVERSION = YES;
				CLANG_WARN_DIRECT_OBJC_ISA_USAGE = YES_ERROR;
				CLANG_WARN_EMPTY_BODY = YES;
				CLANG_WARN_ENUM_CONVERSION = YES;
				CLANG_WARN_INT_CONVERSION = YES;
				CLANG_WARN_OBJC_ROOT_CLASS = YES_ERROR;
				CLANG_WARN_UNREACHABLE_CODE = YES;
				CLANG_WARN__DUPLICATE_METHOD_MATCH = YES;
				"CODE_SIGN_IDENTITY[sdk=iphoneos*]" = "iPhone Developer";
				COPY_PHASE_STRIP = NO;
				DEBUG_INFORMATION_FORMAT = "dwarf-with-dsym";
				ENABLE_NS_ASSERTIONS = NO;
				ENABLE_STRICT_OBJC_MSGSEND = YES;
				GCC_C_LANGUAGE_STANDARD = gnu99;
				GCC_NO_COMMON_BLOCKS = YES;
				GCC_WARN_64_TO_32_BIT_CONVERSION = YES;
				GCC_WARN_ABOUT_RETURN_TYPE = YES_ERROR;
				GCC_WARN_UNDECLARED_SELECTOR = YES;
				GCC_WARN_UNINITIALIZED_AUTOS = YES_AGGRESSIVE;
				GCC_WARN_UNUSED_FUNCTION = YES;
				GCC_WARN_UNUSED_VARIABLE = YES;
				IPHONEOS_DEPLOYMENT_TARGET = 9.3;
				MTL_ENABLE_DEBUG_INFO = NO;
				SDKROOT = iphoneos;
				TARGETED_DEVICE_FAMILY = "1,2";
				VALIDATE_PRODUCT = YES;
			};
			name = Release;
		};
		FE79B64C1D2AEFFD008001AE /* Debug */ = {
			isa = XCBuildConfiguration;
			buildSettings = {
				ASSETCATALOG_COMPILER_APPICON_NAME = AppIcon;
				INFOPLIST_FILE = SecondRepository/Info.plist;
				LD_RUNPATH_SEARCH_PATHS = "$(inherited) @executable_path/Frameworks";
				PRODUCT_BUNDLE_IDENTIFIER = com.nathanbahl.SecondRepository;
				PRODUCT_NAME = "$(TARGET_NAME)";
			};
			name = Debug;
		};
		FE79B64D1D2AEFFD008001AE /* Release */ = {
			isa = XCBuildConfiguration;
			buildSettings = {
				ASSETCATALOG_COMPILER_APPICON_NAME = AppIcon;
				INFOPLIST_FILE = SecondRepository/Info.plist;
				LD_RUNPATH_SEARCH_PATHS = "$(inherited) @executable_path/Frameworks";
				PRODUCT_BUNDLE_IDENTIFIER = com.nathanbahl.SecondRepository;
				PRODUCT_NAME = "$(TARGET_NAME)";
			};
			name = Release;
		};
/* End XCBuildConfiguration section */

/* Begin XCConfigurationList section */
		FE79B6341D2AEFFD008001AE /* Build configuration list for PBXProject "SecondRepository" */ = {
			isa = XCConfigurationList;
			buildConfigurations = (
				FE79B6491D2AEFFD008001AE /* Debug */,
				FE79B64A1D2AEFFD008001AE /* Release */,
			);
			defaultConfigurationIsVisible = 0;
			defaultConfigurationName = Release;
		};
		FE79B64B1D2AEFFD008001AE /* Build configuration list for PBXNativeTarget "SecondRepository" */ = {
			isa = XCConfigurationList;
			buildConfigurations = (
				FE79B64C1D2AEFFD008001AE /* Debug */,
				FE79B64D1D2AEFFD008001AE /* Release */,
			);
			defaultConfigurationIsVisible = 0;
		};
/* End XCConfigurationList section */
	};
	rootObject = FE79B6311D2AEFFD008001AE /* Project object */;
}
